
Microsoft Visual Studio Solution File, Format Version 12.00
# Visual Studio Version 16
VisualStudioVersion = 16.0.30503.244
MinimumVisualStudioVersion = 10.0.40219.1
Project("{FAE04EC0-301F-11D3-BF4B-00C04F79EFBC}") = "二次元起名器", "二次元起名器\二次元起名器.csproj", "{8B0F08E4-B8ED-4D14-BB8E-5B7EABDAAC04}"
EndProject
Global
	GlobalSection(SolutionConfigurationPlatforms) = preSolution
		Debug|Any CPU = Debug|Any CPU
		Release|Any CPU = Release|Any CPU
	EndGlobalSection
	GlobalSection(ProjectConfigurationPlatforms) = postSolution
		{8B0F08E4-B8ED-4D14-BB8E-5B7EABDAAC04}.Debug|Any CPU.ActiveCfg = Debug|Any CPU
		{8B0F08E4-B8ED-4D14-BB8E-5B7EABDAAC04}.Debug|Any CPU.Build.0 = Debug|Any CPU
		{8B0F08E4-B8ED-4D14-BB8E-5B7EABDAAC04}.Release|Any CPU.ActiveCfg = Release|Any CPU
		{8B0F08E4-B8ED-4D14-BB8E-5B7EABDAAC04}.Release|Any CPU.Build.0 = Release|Any CPU
	EndGlobalSection
	GlobalSection(SolutionProperties) = preSolution
		HideSolutionNode = FALSE
	EndGlobalSection
	GlobalSection(ExtensibilityGlobals) = postSolution
		SolutionGuid = {C28243F1-4767-49D6-8615-AA8F105B3968}
	EndGlobalSection
EndGlobal
